
Microsoft Visual Studio Solution File, Format Version 12.00
# Visual Studio Version 17
VisualStudioVersion = 17.4.33213.308
MinimumVisualStudioVersion = 10.0.40219.1
Project("{F184B08F-C81C-45F6-A57F-5ABD9991F28F}") = "Weekly Assignment 8 - smart home savings", "Weekly Assignment 8 - smart home savings.vbproj", "{517A9D66-BFFE-4C4F-B3AA-A989651E5D51}"
EndProject
Global
	GlobalSection(SolutionConfigurationPlatforms) = preSolution
		Debug|Any CPU = Debug|Any CPU
		Release|Any CPU = Release|Any CPU
	EndGlobalSection
	GlobalSection(ProjectConfigurationPlatforms) = postSolution
		{517A9D66-BFFE-4C4F-B3AA-A989651E5D51}.Debug|Any CPU.ActiveCfg = Debug|Any CPU
		{517A9D66-BFFE-4C4F-B3AA-A989651E5D51}.Debug|Any CPU.Build.0 = Debug|Any CPU
		{517A9D66-BFFE-4C4F-B3AA-A989651E5D51}.Release|Any CPU.ActiveCfg = Release|Any CPU
		{517A9D66-BFFE-4C4F-B3AA-A989651E5D51}.Release|Any CPU.Build.0 = Release|Any CPU
	EndGlobalSection
	GlobalSection(SolutionProperties) = preSolution
		HideSolutionNode = FALSE
	EndGlobalSection
	GlobalSection(ExtensibilityGlobals) = postSolution
		SolutionGuid = {7E734E80-C011-470C-AD58-E463BAA716EF}
	EndGlobalSection
EndGlobal
